
Microsoft Visual Studio Solution File, Format Version 12.00
# Visual Studio Version 16
VisualStudioVersion = 16.0.30907.101
MinimumVisualStudioVersion = 10.0.40219.1
Project("{FAE04EC0-301F-11D3-BF4B-00C04F79EFBC}") = "stackTest", "stackTest\stackTest.csproj", "{3B74C14E-E4CB-4E78-90C0-5B4FC49372FA}"
EndProject
Global
	GlobalSection(SolutionConfigurationPlatforms) = preSolution
		Debug|Any CPU = Debug|Any CPU
		Release|Any CPU = Release|Any CPU
	EndGlobalSection
	GlobalSection(ProjectConfigurationPlatforms) = postSolution
		{3B74C14E-E4CB-4E78-90C0-5B4FC49372FA}.Debug|Any CPU.ActiveCfg = Debug|Any CPU
		{3B74C14E-E4CB-4E78-90C0-5B4FC49372FA}.Debug|Any CPU.Build.0 = Debug|Any CPU
		{3B74C14E-E4CB-4E78-90C0-5B4FC49372FA}.Release|Any CPU.ActiveCfg = Release|Any CPU
		{3B74C14E-E4CB-4E78-90C0-5B4FC49372FA}.Release|Any CPU.Build.0 = Release|Any CPU
	EndGlobalSection
	GlobalSection(SolutionProperties) = preSolution
		HideSolutionNode = FALSE
	EndGlobalSection
	GlobalSection(ExtensibilityGlobals) = postSolution
		SolutionGuid = {1E91379B-90C9-48EE-952C-CC2D80D51DDC}
	EndGlobalSection
EndGlobal
